{
  "object": {
    "pins": [
      {
        "package": "AEXML",
        "repositoryURL": "https://github.com/tadija/AEXML.git",
        "state": {
          "branch": null,
          "revision": "8623e73b193386909566a9ca20203e33a09af142",
          "version": "4.5.0"
        }
      },
      {
        "package": "Lux",
        "repositoryURL": "https://github.com/ABridoux/lux",
        "state": {
          "branch": null,
          "revision": "eb87b907bc3cf6fbb5ac2154019e0ce2980cc531",
          "version": "0.4.2"
        }
      },
      {
        "package": "Splash",
        "repositoryURL": "https://github.com/JohnSundell/Splash",
        "state": {
          "branch": null,
          "revision": "f25dd8c9f16be1f81a152f6861d7216c3c9302da",
          "version": "0.14.0"
        }
      },
      {
        "package": "swift-argument-parser",
        "repositoryURL": "https://github.com/apple/swift-argument-parser",
        "state": {
          "branch": null,
          "revision": "15351c1cd009eba0b6e438bfef55ea9847a8dc4a",
          "version": "0.3.0"
        }
      }
    ]
  },
  "version": 1
}
